
Microsoft Visual Studio Solution File, Format Version 12.00
# Visual Studio 15
VisualStudioVersion = 15.0.27130.2027
MinimumVisualStudioVersion = 10.0.40219.1
Project("{FAE04EC0-301F-11D3-BF4B-00C04F79EFBC}") = "Module01Week01", "Module01Week01\Module01Week01.csproj", "{7F379A86-63DB-4CCA-B759-2F4F16C4C4FC}"
EndProject
Global
	GlobalSection(SolutionConfigurationPlatforms) = preSolution
		Debug|Any CPU = Debug|Any CPU
		Release|Any CPU = Release|Any CPU
	EndGlobalSection
	GlobalSection(ProjectConfigurationPlatforms) = postSolution
		{7F379A86-63DB-4CCA-B759-2F4F16C4C4FC}.Debug|Any CPU.ActiveCfg = Debug|Any CPU
		{7F379A86-63DB-4CCA-B759-2F4F16C4C4FC}.Debug|Any CPU.Build.0 = Debug|Any CPU
		{7F379A86-63DB-4CCA-B759-2F4F16C4C4FC}.Release|Any CPU.ActiveCfg = Release|Any CPU
		{7F379A86-63DB-4CCA-B759-2F4F16C4C4FC}.Release|Any CPU.Build.0 = Release|Any CPU
	EndGlobalSection
	GlobalSection(SolutionProperties) = preSolution
		HideSolutionNode = FALSE
	EndGlobalSection
	GlobalSection(ExtensibilityGlobals) = postSolution
		SolutionGuid = {89C41283-FE32-4A6B-A987-D35840D481D9}
	EndGlobalSection
EndGlobal
